version = 1
revision = 3
requires-python = ">=3.14"

[[package]]
name = "librt"
version = "0.12.0"
source = { registry = "https://pypi.org/simple" }
sdist = { url = "https://files.pythonhosted.org/packages/c6/e0/dbd0f2a68a1c1a1991eb7921ff6014465d56608cdc9a9fb468a616210a37/librt-0.12.0.tar.gz", hash = "sha256:cb26faedbd09c6130e9c1b64d8000efec5076ffd18d606c6cd1cf02730e6d8b0", size = 203841, upload-time = "2026-06-30T16:14:29.671Z" }
wheels = [
    { url = "https://files.pythonhosted.org/packages/0e/51/3a0e05618c12423b6fc5141b590ec02a6efb645833edc8736a6c7b46d1ec/librt-0.12.0-cp314-cp314-macosx_10_15_x86_64.whl", hash = "sha256:b37ee42e09722284a6d9288fe44a191f7276060a3195939bb77c6502058dbb34", size = 145579, upload-time = "2026-06-30T16:13:27.909Z" },
    { url = "https://files.pythonhosted.org/packages/77/9e/fd399d099dfb4020f3f7c34e7e6210c389fa89f7d79ca92f5afb0395f278/librt-0.12.0-cp314-cp314-macosx_11_0_arm64.whl", hash = "sha256:ade11988728b3e4768dadc5696e82c60e9b35fc95335a9b4d1f5d69e753ccec7", size = 150139, upload-time = "2026-06-30T16:13:29.357Z" },
    { url = "https://files.pythonhosted.org/packages/7a/ee/610239fbd8c4b005443664c5d4c3bc1717daedd8c71369bf45011aa87194/librt-0.12.0-cp314-cp314-manylinux2014_aarch64.manylinux_2_17_aarch64.manylinux_2_28_aarch64.whl", hash = "sha256:f351ed425380e39bd86df382578aa5b8c5b98e2e265112de7379e7d030258150", size = 480457, upload-time = "2026-06-30T16:13:30.78Z" },
    { url = "https://files.pythonhosted.org/packages/0c/10/ceddc9010f26c541444be36e1153a79b64626694db2d33a524c719fa3e46/librt-0.12.0-cp314-cp314-manylinux2014_i686.manylinux_2_17_i686.manylinux_2_28_i686.whl", hash = "sha256:857d2163e088c868967717ace8e980017fd868a735f3de010412af02bdc30319", size = 479002, upload-time = "2026-06-30T16:13:32.398Z" },
    { url = "https://files.pythonhosted.org/packages/4e/f1/b1523d9718e8192e5403e6b41a02742e17ba554369f0729b9f30ab590e2d/librt-0.12.0-cp314-cp314-manylinux2014_x86_64.manylinux_2_17_x86_64.manylinux_2_28_x86_64.whl", hash = "sha256:e2befc80aa5f2f5b93f28abaaf11feff6677931dd548320e44c52deaa9399744", size = 510527, upload-time = "2026-06-30T16:13:34.615Z" },
    { url = "https://files.pythonhosted.org/packages/f6/0e/0f3ff43befb18a531615736791e52fb67eaa71ff7b89e6e5f7004b64cc6e/librt-0.12.0-cp314-cp314-manylinux_2_34_riscv64.manylinux_2_39_riscv64.whl", hash = "sha256:be3694dcfa97c6715dd19ac73d3e1b21a805514a5785663e57fecacd3ff64e5a", size = 500988, upload-time = "2026-06-30T16:13:36.408Z" },
    { url = "https://files.pythonhosted.org/packages/a8/1a/0278ea4a9e599dc507c43839a87f2c764ad04bf69418e2d763d58659e55f/librt-0.12.0-cp314-cp314-musllinux_1_2_aarch64.whl", hash = "sha256:2d5f67e86f45638843d025b0828f2e9e55fc45ff9180d2618ccdeaf72a796050", size = 519318, upload-time = "2026-06-30T16:13:37.883Z" },
    { url = "https://files.pythonhosted.org/packages/59/55/090e10e62be2f35265e41601337f83ac9f83be9aca1bf92692e3a82effdd/librt-0.12.0-cp314-cp314-musllinux_1_2_i686.whl", hash = "sha256:64572c85e4ab7d572c9b72cd76b5f90b21181b1459fa6b1aac6f8958c4fcff31", size = 527127, upload-time = "2026-06-30T16:13:39.682Z" },
    { url = "https://files.pythonhosted.org/packages/1f/34/8052c9ec678be6ba751279947831f089aa69b009000b985ce91d1979669a/librt-0.12.0-cp314-cp314-musllinux_1_2_riscv64.whl", hash = "sha256:8b961912b0e688c1eb4658a46bdb0606b31918d65597fbe7356ca83aa653ffcc", size = 509766, upload-time = "2026-06-30T16:13:41.266Z" },
    { url = "https://files.pythonhosted.org/packages/6f/f8/8761b36189e9ec8dc20b49fa84cef22852c6c41fcda56f760f7fc1360da5/librt-0.12.0-cp314-cp314-musllinux_1_2_x86_64.whl", hash = "sha256:722375903e3f079436a7a33da51ce73931536dd041f9feb01536f05d8e010c96", size = 552043, upload-time = "2026-06-30T16:13:43.197Z" },
    { url = "https://files.pythonhosted.org/packages/c8/98/7283971ef6b70269938b49c7b25f670ec6325d252265fbcc996f9b364379/librt-0.12.0-cp314-cp314-pyemscripten_2026_0_wasm32.whl", hash = "sha256:a5a96a8f536b65ef1bf910c09e7e71647edde5111f6e1b51f413c6fba5bfe71b", size = 79472, upload-time = "2026-06-30T16:13:44.64Z" },
    { url = "https://files.pythonhosted.org/packages/c3/5e/b30940dea935e8ac5bd0e0abb1985f5274590d557ac3a252ca0d5392ce52/librt-0.12.0-cp314-cp314-win32.whl", hash = "sha256:8ffc99c356f1777c506e1b69dc303879153ae2640ba15b8f3d4448bc87139149", size = 94246, upload-time = "2026-06-30T16:13:45.962Z" },
    { url = "https://files.pythonhosted.org/packages/7d/4e/0af9fe63f35fa304da3b05688f30ff6a329bcc59581b1cc51dc87fd30141/librt-0.12.0-cp314-cp314-win_amd64.whl", hash = "sha256:1e68fb20798f455cda41d20a306a23c901218883f17a4bab1ed6e1331b265fb7", size = 114951, upload-time = "2026-06-30T16:13:47.279Z" },
    { url = "https://files.pythonhosted.org/packages/b1/8e/843c495d7db35e13b84cd533898fa89145c40dc255da0bc316d53d631464/librt-0.12.0-cp314-cp314-win_arm64.whl", hash = "sha256:2df534f97916cf38ec9b1ddafeb68ae1a4cd4a54775ff26a797026774c0517cf", size = 100562, upload-time = "2026-06-30T16:13:48.699Z" },
    { url = "https://files.pythonhosted.org/packages/75/30/c686d0f978d5fd6867c5bbad96b015c9445746764d1c228e16a2d30d9382/librt-0.12.0-cp314-cp314t-macosx_10_15_x86_64.whl", hash = "sha256:c09e581b1c2b8a62b809d4f4bd101ca3de93791e5b0ed1a14085d911be3dee3f", size = 153897, upload-time = "2026-06-30T16:13:50.017Z" },
    { url = "https://files.pythonhosted.org/packages/40/46/f6f2d77ce46628b48fb5280709013b5109cf3a2c46a2472093cdfc03519d/librt-0.12.0-cp314-cp314t-macosx_11_0_arm64.whl", hash = "sha256:976888d0d831402086e641018bcc3208e0a38f0835789da91f72894b2cb4161f", size = 156391, upload-time = "2026-06-30T16:13:51.462Z" },
    { url = "https://files.pythonhosted.org/packages/c2/46/cd790c7e19e460779471530ffab454541d6ea4a3b7d338cad7f16ff96995/librt-0.12.0-cp314-cp314t-manylinux2014_aarch64.manylinux_2_17_aarch64.manylinux_2_28_aarch64.whl", hash = "sha256:563c37cdb41d08fe1e3f08b201abac0e317ca18e88b91285466ee0a585797520", size = 564151, upload-time = "2026-06-30T16:13:53.146Z" },
    { url = "https://files.pythonhosted.org/packages/54/12/724559a15fb023cbdef7aee1e81fbfbc3ee22fd09009baa816cea63e3a60/librt-0.12.0-cp314-cp314t-manylinux2014_i686.manylinux_2_17_i686.manylinux_2_28_i686.whl", hash = "sha256:b97eb1a3140e279cc76f85b0fb92b7eb3dfbe0471260ee878bc9dc4bf9a0d649", size = 546002, upload-time = "2026-06-30T16:13:54.665Z" },
    { url = "https://files.pythonhosted.org/packages/4b/7e/f9d8c257ab4909f101c7c13734367749e782fd8625545f0343502c2f09f1/librt-0.12.0-cp314-cp314t-manylinux2014_x86_64.manylinux_2_17_x86_64.manylinux_2_28_x86_64.whl", hash = "sha256:06e0623351ab9904cf628245f99c714586f4dd23dc740b88c8bc670d8401a847", size = 584204, upload-time = "2026-06-30T16:13:56.301Z" },
    { url = "https://files.pythonhosted.org/packages/9b/33/64665810575ac23b6cb6ef364de51309b7803620c12885b6e895ebc29591/librt-0.12.0-cp314-cp314t-manylinux_2_34_riscv64.manylinux_2_39_riscv64.whl", hash = "sha256:da12f017b2e404554be14d466cd992459feaa44f252b0f18d909a85266ce1237", size = 573688, upload-time = "2026-06-30T16:13:58.1Z" },
    { url = "https://files.pythonhosted.org/packages/0f/01/27522995c6627455abc7a939d57535fb1a7836d398ccedb3d7585f46039e/librt-0.12.0-cp314-cp314t-musllinux_1_2_aarch64.whl", hash = "sha256:d97f31003a5c86b9e78155a829572c3a26484064fb7ac1d9695fe628bd93d029", size = 604719, upload-time = "2026-06-30T16:13:59.831Z" },
    { url = "https://files.pythonhosted.org/packages/ee/1f/099e61b1b688551d6d2ce9d4d2ae2242a938759db8551e6cbac7f7176ee5/librt-0.12.0-cp314-cp314t-musllinux_1_2_i686.whl", hash = "sha256:bd43a6c69876aef4f04eaae3d3b99b0be64755fda274002fa445b92480bf664e", size = 598183, upload-time = "2026-06-30T16:14:01.457Z" },
    { url = "https://files.pythonhosted.org/packages/bf/c1/050400249665503bdd5b83cec518fa7b183b609341c8dcd58161775c4226/librt-0.12.0-cp314-cp314t-musllinux_1_2_riscv64.whl", hash = "sha256:c01755c72fca1dc6b8d5c2ed228b8e7b2ffe184675c22f0f05ebd8fe188b9250", size = 582559, upload-time = "2026-06-30T16:14:03.29Z" },
    { url = "https://files.pythonhosted.org/packages/da/d1/eef8f0e6722518b65a3d3bcd9309f9f44e208ce5d6728070820f988e7078/librt-0.12.0-cp314-cp314t-musllinux_1_2_x86_64.whl", hash = "sha256:625ae561d5fa36400856dcc27464400d047bc2d5e3446be88f437b03fefd72e4", size = 626375, upload-time = "2026-06-30T16:14:04.957Z" },
    { url = "https://files.pythonhosted.org/packages/8b/78/f0bb41a6f2bbd3c77bdcc66980dc0d69ca1192a0ecec25377afcc5e6db73/librt-0.12.0-cp314-cp314t-win32.whl", hash = "sha256:8d73191883553ee0739741544bf3b00aba2a1224e45d9580b30cbc29e21dc03b", size = 97752, upload-time = "2026-06-30T16:14:06.555Z" },
    { url = "https://files.pythonhosted.org/packages/92/24/e279c27972ab051a070237cfa45728fa51670c3f22f1a4d391711e9f4c31/librt-0.12.0-cp314-cp314t-win_amd64.whl", hash = "sha256:e1cbb037324e759f0afa270229731ff0047772667f3cb38ef5df2cabf0175ede", size = 119562, upload-time = "2026-06-30T16:14:07.908Z" },
    { url = "https://files.pythonhosted.org/packages/06/e6/42a475bfca683b0cd5366f6dd06580062b7e567bb8534d225c877c2f14f3/librt-0.12.0-cp314-cp314t-win_arm64.whl", hash = "sha256:bca1472acbd473eff61059b4409f802c5a1bcb4cd0344d06f939df9c4c125d40", size = 104282, upload-time = "2026-06-30T16:14:09.29Z" },
]

[[package]]
name = "mypy"
version = "1.20.1"
source = { registry = "https://pypi.org/simple" }
dependencies = [
    { name = "librt", marker = "platform_python_implementation != 'PyPy'" },
    { name = "mypy-extensions" },
    { name = "pathspec" },
    { name = "typing-extensions" },
]
sdist = { url = "https://files.pythonhosted.org/packages/0b/3d/5b373635b3146264eb7a68d09e5ca11c305bbb058dfffbb47c47daf4f632/mypy-1.20.1.tar.gz", hash = "sha256:6fc3f4ecd52de81648fed1945498bf42fa2993ddfad67c9056df36ae5757f804", size = 3815892, upload-time = "2026-04-13T02:46:51.474Z" }
wheels = [
    { url = "https://files.pythonhosted.org/packages/40/cd/db831e84c81d57d4886d99feee14e372f64bbec6a9cb1a88a19e243f2ef5/mypy-1.20.1-cp314-cp314-macosx_10_15_x86_64.whl", hash = "sha256:12927b9c0ed794daedcf1dab055b6c613d9d5659ac511e8d936d96f19c087d12", size = 14483064, upload-time = "2026-04-13T02:45:26.901Z" },
    { url = "https://files.pythonhosted.org/packages/d5/82/74e62e7097fa67da328ac8ece8de09133448c04d20ddeaeba251a3000f01/mypy-1.20.1-cp314-cp314-macosx_11_0_arm64.whl", hash = "sha256:752507dd481e958b2c08fc966d3806c962af5a9433b5bf8f3bdd7175c20e34fe", size = 13335694, upload-time = "2026-04-13T02:46:12.514Z" },
    { url = "https://files.pythonhosted.org/packages/74/c4/97e9a0abe4f3cdbbf4d079cb87a03b786efeccf5bf2b89fe4f96939ab2e6/mypy-1.20.1-cp314-cp314-manylinux2014_aarch64.manylinux_2_17_aarch64.manylinux_2_28_aarch64.whl", hash = "sha256:c614655b5a065e56274c6cbbe405f7cf7e96c0654db7ba39bc680238837f7b08", size = 13726365, upload-time = "2026-04-13T02:45:17.422Z" },
    { url = "https://files.pythonhosted.org/packages/d7/aa/a19d884a8d28fcd3c065776323029f204dbc774e70ec9c85eba228b680de/mypy-1.20.1-cp314-cp314-manylinux2014_x86_64.manylinux_2_17_x86_64.manylinux_2_28_x86_64.whl", hash = "sha256:2c3f6221a76f34d5100c6d35b3ef6b947054123c3f8d6938a4ba00b1308aa572", size = 14693472, upload-time = "2026-04-13T02:46:41.253Z" },
    { url = "https://files.pythonhosted.org/packages/84/44/cc9324bd21cf786592b44bf3b5d224b3923c1230ec9898d508d00241d465/mypy-1.20.1-cp314-cp314-musllinux_1_2_x86_64.whl", hash = "sha256:4bdfc06303ac06500af71ea0cdbe995c502b3c9ba32f3f8313523c137a25d1b6", size = 14919266, upload-time = "2026-04-13T02:46:28.37Z" },
    { url = "https://files.pythonhosted.org/packages/6e/dc/779abb25a8c63e8f44bf5a336217fa92790fa17e0c40e0c725d10cb01bbd/mypy-1.20.1-cp314-cp314-win_amd64.whl", hash = "sha256:0131edd7eba289973d1ba1003d1a37c426b85cdef76650cd02da6420898a5eb3", size = 11049713, upload-time = "2026-04-13T02:45:57.673Z" },
    { url = "https://files.pythonhosted.org/packages/28/08/4172be2ad7de9119b5a92ca36abbf641afdc5cb1ef4ae0c3a8182f29674f/mypy-1.20.1-cp314-cp314-win_arm64.whl", hash = "sha256:33f02904feb2c07e1fdf7909026206396c9deeb9e6f34d466b4cfedb0aadbbe4", size = 9999819, upload-time = "2026-04-13T02:46:35.039Z" },
    { url = "https://files.pythonhosted.org/packages/2d/af/af9e46b0c8eabbce9fc04a477564170f47a1c22b308822282a59b7ff315f/mypy-1.20.1-cp314-cp314t-macosx_10_15_x86_64.whl", hash = "sha256:168472149dd8cc505c98cefd21ad77e4257ed6022cd5ed2fe2999bed56977a5a", size = 15547508, upload-time = "2026-04-13T02:46:25.588Z" },
    { url = "https://files.pythonhosted.org/packages/a7/cd/39c9e4ad6ba33e069e5837d772a9e6c304b4a5452a14a975d52b36444650/mypy-1.20.1-cp314-cp314t-macosx_11_0_arm64.whl", hash = "sha256:eb674600309a8f22790cca883a97c90299f948183ebb210fbef6bcee07cb1986", size = 14399557, upload-time = "2026-04-13T02:46:10.021Z" },
    { url = "https://files.pythonhosted.org/packages/83/c1/3fd71bdc118ffc502bf57559c909927bb7e011f327f7bb8e0488e98a5870/mypy-1.20.1-cp314-cp314t-manylinux2014_aarch64.manylinux_2_17_aarch64.manylinux_2_28_aarch64.whl", hash = "sha256:ef2b2e4cc464ba9795459f2586923abd58a0055487cbe558cb538ea6e6bc142a", size = 15045789, upload-time = "2026-04-13T02:45:10.81Z" },
    { url = "https://files.pythonhosted.org/packages/8e/73/6f07ff8b57a7d7b3e6e5bf34685d17632382395c8bb53364ec331661f83e/mypy-1.20.1-cp314-cp314t-manylinux2014_x86_64.manylinux_2_17_x86_64.manylinux_2_28_x86_64.whl", hash = "sha256:dee461d396dd46b3f0ed5a098dbc9b8860c81c46ad44fa071afcfbc149f167c9", size = 15850795, upload-time = "2026-04-13T02:45:03.349Z" },
    { url = "https://files.pythonhosted.org/packages/ec/e2/f7dffec1c7767078f9e9adf0c786d1fe0ff30964a77eb213c09b8b58cb76/mypy-1.20.1-cp314-cp314t-musllinux_1_2_x86_64.whl", hash = "sha256:e364926308b3e66f1361f81a566fc1b2f8cd47fc8525e8136d4058a65a4b4f02", size = 16088539, upload-time = "2026-04-13T02:46:17.841Z" },
    { url = "https://files.pythonhosted.org/packages/1a/76/e0dee71035316e75a69d73aec2f03c39c21c967b97e277fd0ef8fd6aec66/mypy-1.20.1-cp314-cp314t-win_amd64.whl", hash = "sha256:a0c17fbd746d38c70cbc42647cfd884f845a9708a4b160a8b4f7e70d41f4d7fa", size = 12575567, upload-time = "2026-04-13T02:45:34.795Z" },
    { url = "https://files.pythonhosted.org/packages/22/a8/7ed43c9d9c3d1468f86605e323a5d97e411a448790a00f07e779f3211a46/mypy-1.20.1-cp314-cp314t-win_arm64.whl", hash = "sha256:db2cb89654626a912efda69c0d5c1d22d948265e2069010d3dde3abf751c7d08", size = 10378823, upload-time = "2026-04-13T02:45:13.35Z" },
    { url = "https://files.pythonhosted.org/packages/d8/28/926bd972388e65a39ee98e188ccf67e81beb3aacfd5d6b310051772d974b/mypy-1.20.1-py3-none-any.whl", hash = "sha256:1aae28507f253fe82d883790d1c0a0d35798a810117c88184097fe8881052f06", size = 2636553, upload-time = "2026-04-13T02:46:30.45Z" },
]

[[package]]
name = "mypy-extensions"
version = "1.1.0"
source = { registry = "https://pypi.org/simple" }
sdist = { url = "https://files.pythonhosted.org/packages/a2/6e/371856a3fb9d31ca8dac321cda606860fa4548858c0cc45d9d1d4ca2628b/mypy_extensions-1.1.0.tar.gz", hash = "sha256:52e68efc3284861e772bbcd66823fde5ae21fd2fdb51c62a211403730b916558", size = 6343, upload-time = "2025-04-22T14:54:24.164Z" }
wheels = [
    { url = "https://files.pythonhosted.org/packages/79/7b/2c79738432f5c924bef5071f933bcc9efd0473bac3b4aa584a6f7c1c8df8/mypy_extensions-1.1.0-py3-none-any.whl", hash = "sha256:1be4cccdb0f2482337c4743e60421de3a356cd97508abadd57d47403e94f5505", size = 4963, upload-time = "2025-04-22T14:54:22.983Z" },
]

[[package]]
name = "pathspec"
version = "1.1.1"
source = { registry = "https://pypi.org/simple" }
sdist = { url = "https://files.pythonhosted.org/packages/5a/82/42f767fc1c1143d6fd36efb827202a2d997a375e160a71eb2888a925aac1/pathspec-1.1.1.tar.gz", hash = "sha256:17db5ecd524104a120e173814c90367a96a98d07c45b2e10c2f3919fff91bf5a", size = 135180, upload-time = "2026-04-27T01:46:08.907Z" }
wheels = [
    { url = "https://files.pythonhosted.org/packages/f1/d9/7fb5aa316bc299258e68c73ba3bddbc499654a07f151cba08f6153988714/pathspec-1.1.1-py3-none-any.whl", hash = "sha256:a00ce642f577bf7f473932318056212bc4f8bfdf53128c78bbd5af0b9b20b189", size = 57328, upload-time = "2026-04-27T01:46:07.06Z" },
]

[[package]]
name = "pyyaml"
version = "6.0.3"
source = { registry = "https://pypi.org/simple" }
sdist = { url = "https://files.pythonhosted.org/packages/05/8e/961c0007c59b8dd7729d542c61a4d537767a59645b82a0b521206e1e25c2/pyyaml-6.0.3.tar.gz", hash = "sha256:d76623373421df22fb4cf8817020cbb7ef15c725b9d5e45f17e189bfc384190f", size = 130960, upload-time = "2025-09-25T21:33:16.546Z" }
wheels = [
    { url = "https://files.pythonhosted.org/packages/9d/8c/f4bd7f6465179953d3ac9bc44ac1a8a3e6122cf8ada906b4f96c60172d43/pyyaml-6.0.3-cp314-cp314-macosx_10_13_x86_64.whl", hash = "sha256:8d1fab6bb153a416f9aeb4b8763bc0f22a5586065f86f7664fc23339fc1c1fac", size = 181814, upload-time = "2025-09-25T21:32:35.712Z" },
    { url = "https://files.pythonhosted.org/packages/bd/9c/4d95bb87eb2063d20db7b60faa3840c1b18025517ae857371c4dd55a6b3a/pyyaml-6.0.3-cp314-cp314-macosx_11_0_arm64.whl", hash = "sha256:34d5fcd24b8445fadc33f9cf348c1047101756fd760b4dacb5c3e99755703310", size = 173809, upload-time = "2025-09-25T21:32:36.789Z" },
    { url = "https://files.pythonhosted.org/packages/92/b5/47e807c2623074914e29dabd16cbbdd4bf5e9b2db9f8090fa64411fc5382/pyyaml-6.0.3-cp314-cp314-manylinux2014_aarch64.manylinux_2_17_aarch64.manylinux_2_28_aarch64.whl", hash = "sha256:501a031947e3a9025ed4405a168e6ef5ae3126c59f90ce0cd6f2bfc477be31b7", size = 766454, upload-time = "2025-09-25T21:32:37.966Z" },
    { url = "https://files.pythonhosted.org/packages/02/9e/e5e9b168be58564121efb3de6859c452fccde0ab093d8438905899a3a483/pyyaml-6.0.3-cp314-cp314-manylinux2014_s390x.manylinux_2_17_s390x.manylinux_2_28_s390x.whl", hash = "sha256:b3bc83488de33889877a0f2543ade9f70c67d66d9ebb4ac959502e12de895788", size = 836355, upload-time = "2025-09-25T21:32:39.178Z" },
    { url = "https://files.pythonhosted.org/packages/88/f9/16491d7ed2a919954993e48aa941b200f38040928474c9e85ea9e64222c3/pyyaml-6.0.3-cp314-cp314-manylinux2014_x86_64.manylinux_2_17_x86_64.manylinux_2_28_x86_64.whl", hash = "sha256:c458b6d084f9b935061bc36216e8a69a7e293a2f1e68bf956dcd9e6cbcd143f5", size = 794175, upload-time = "2025-09-25T21:32:40.865Z" },
    { url = "https://files.pythonhosted.org/packages/dd/3f/5989debef34dc6397317802b527dbbafb2b4760878a53d4166579111411e/pyyaml-6.0.3-cp314-cp314-musllinux_1_2_aarch64.whl", hash = "sha256:7c6610def4f163542a622a73fb39f534f8c101d690126992300bf3207eab9764", size = 755228, upload-time = "2025-09-25T21:32:42.084Z" },
    { url = "https://files.pythonhosted.org/packages/d7/ce/af88a49043cd2e265be63d083fc75b27b6ed062f5f9fd6cdc223ad62f03e/pyyaml-6.0.3-cp314-cp314-musllinux_1_2_x86_64.whl", hash = "sha256:5190d403f121660ce8d1d2c1bb2ef1bd05b5f68533fc5c2ea899bd15f4399b35", size = 789194, upload-time = "2025-09-25T21:32:43.362Z" },
    { url = "https://files.pythonhosted.org/packages/23/20/bb6982b26a40bb43951265ba29d4c246ef0ff59c9fdcdf0ed04e0687de4d/pyyaml-6.0.3-cp314-cp314-win_amd64.whl", hash = "sha256:4a2e8cebe2ff6ab7d1050ecd59c25d4c8bd7e6f400f5f82b96557ac0abafd0ac", size = 156429, upload-time = "2025-09-25T21:32:57.844Z" },
    { url = "https://files.pythonhosted.org/packages/f4/f4/a4541072bb9422c8a883ab55255f918fa378ecf083f5b85e87fc2b4eda1b/pyyaml-6.0.3-cp314-cp314-win_arm64.whl", hash = "sha256:93dda82c9c22deb0a405ea4dc5f2d0cda384168e466364dec6255b293923b2f3", size = 143912, upload-time = "2025-09-25T21:32:59.247Z" },
    { url = "https://files.pythonhosted.org/packages/7c/f9/07dd09ae774e4616edf6cda684ee78f97777bdd15847253637a6f052a62f/pyyaml-6.0.3-cp314-cp314t-macosx_10_13_x86_64.whl", hash = "sha256:02893d100e99e03eda1c8fd5c441d8c60103fd175728e23e431db1b589cf5ab3", size = 189108, upload-time = "2025-09-25T21:32:44.377Z" },
    { url = "https://files.pythonhosted.org/packages/4e/78/8d08c9fb7ce09ad8c38ad533c1191cf27f7ae1effe5bb9400a46d9437fcf/pyyaml-6.0.3-cp314-cp314t-macosx_11_0_arm64.whl", hash = "sha256:c1ff362665ae507275af2853520967820d9124984e0f7466736aea23d8611fba", size = 183641, upload-time = "2025-09-25T21:32:45.407Z" },
    { url = "https://files.pythonhosted.org/packages/7b/5b/3babb19104a46945cf816d047db2788bcaf8c94527a805610b0289a01c6b/pyyaml-6.0.3-cp314-cp314t-manylinux2014_aarch64.manylinux_2_17_aarch64.manylinux_2_28_aarch64.whl", hash = "sha256:6adc77889b628398debc7b65c073bcb99c4a0237b248cacaf3fe8a557563ef6c", size = 831901, upload-time = "2025-09-25T21:32:48.83Z" },
    { url = "https://files.pythonhosted.org/packages/8b/cc/dff0684d8dc44da4d22a13f35f073d558c268780ce3c6ba1b87055bb0b87/pyyaml-6.0.3-cp314-cp314t-manylinux2014_s390x.manylinux_2_17_s390x.manylinux_2_28_s390x.whl", hash = "sha256:a80cb027f6b349846a3bf6d73b5e95e782175e52f22108cfa17876aaeff93702", size = 861132, upload-time = "2025-09-25T21:32:50.149Z" },
    { url = "https://files.pythonhosted.org/packages/b1/5e/f77dc6b9036943e285ba76b49e118d9ea929885becb0a29ba8a7c75e29fe/pyyaml-6.0.3-cp314-cp314t-manylinux2014_x86_64.manylinux_2_17_x86_64.manylinux_2_28_x86_64.whl", hash = "sha256:00c4bdeba853cc34e7dd471f16b4114f4162dc03e6b7afcc2128711f0eca823c", size = 839261, upload-time = "2025-09-25T21:32:51.808Z" },
    { url = "https://files.pythonhosted.org/packages/ce/88/a9db1376aa2a228197c58b37302f284b5617f56a5d959fd1763fb1675ce6/pyyaml-6.0.3-cp314-cp314t-musllinux_1_2_aarch64.whl", hash = "sha256:66e1674c3ef6f541c35191caae2d429b967b99e02040f5ba928632d9a7f0f065", size = 805272, upload-time = "2025-09-25T21:32:52.941Z" },
    { url = "https://files.pythonhosted.org/packages/da/92/1446574745d74df0c92e6aa4a7b0b3130706a4142b2d1a5869f2eaa423c6/pyyaml-6.0.3-cp314-cp314t-musllinux_1_2_x86_64.whl", hash = "sha256:16249ee61e95f858e83976573de0f5b2893b3677ba71c9dd36b9cf8be9ac6d65", size = 829923, upload-time = "2025-09-25T21:32:54.537Z" },
    { url = "https://files.pythonhosted.org/packages/f0/7a/1c7270340330e575b92f397352af856a8c06f230aa3e76f86b39d01b416a/pyyaml-6.0.3-cp314-cp314t-win_amd64.whl", hash = "sha256:4ad1906908f2f5ae4e5a8ddfce73c320c2a1429ec52eafd27138b7f1cbe341c9", size = 174062, upload-time = "2025-09-25T21:32:55.767Z" },
    { url = "https://files.pythonhosted.org/packages/f1/12/de94a39c2ef588c7e6455cfbe7343d3b2dc9d6b6b2f40c4c6565744c873d/pyyaml-6.0.3-cp314-cp314t-win_arm64.whl", hash = "sha256:ebc55a14a21cb14062aa4162f906cd962b28e2e9ea38f9b4391244cd8de4ae0b", size = 149341, upload-time = "2025-09-25T21:32:56.828Z" },
]

[[package]]
name = "types-pyyaml"
version = "6.0.12.20260408"
source = { registry = "https://pypi.org/simple" }
sdist = { url = "https://files.pythonhosted.org/packages/74/73/b759b1e413c31034cc01ecdfb96b38115d0ab4db55a752a3929f0cd449fd/types_pyyaml-6.0.12.20260408.tar.gz", hash = "sha256:92a73f2b8d7f39ef392a38131f76b970f8c66e4c42b3125ae872b7c93b556307", size = 17735, upload-time = "2026-04-08T04:30:50.974Z" }
wheels = [
    { url = "https://files.pythonhosted.org/packages/1c/f0/c391068b86abb708882c6d75a08cd7d25b2c7227dab527b3a3685a3c635b/types_pyyaml-6.0.12.20260408-py3-none-any.whl", hash = "sha256:fbc42037d12159d9c801ebfcc79ebd28335a7c13b08a4cfbc6916df78fee9384", size = 20339, upload-time = "2026-04-08T04:30:50.113Z" },
]

[[package]]
name = "typing-extensions"
version = "4.16.0"
source = { registry = "https://pypi.org/simple" }
sdist = { url = "https://files.pythonhosted.org/packages/f6/cc/6253133b5bb138fc3306cebfbda2c520f545d36b5be2c7255cc528bb45d6/typing_extensions-4.16.0.tar.gz", hash = "sha256:dc983d19a509c94dba722ee6abd33940f7c05a89e243c47e907eb4db6f1a43e5", size = 113555, upload-time = "2026-07-02T08:40:05.92Z" }
wheels = [
    { url = "https://files.pythonhosted.org/packages/49/d3/b8441a820a491ddfc024b0b0cf0393375b75ea13866d9c66727e54c2fc80/typing_extensions-4.16.0-py3-none-any.whl", hash = "sha256:481caa481374e813c1b176ada14e97f1f67a4539ce9cfeb3f350d78d6370c2e8", size = 45571, upload-time = "2026-07-02T08:40:04.659Z" },
]

[[package]]
name = "www-ianlewis-org"
version = "0.0.0"
source = { editable = "." }

[package.dev-dependencies]
dev = [
    { name = "mypy" },
    { name = "types-pyyaml" },
    { name = "yamllint" },
    { name = "zizmor" },
]

[package.metadata]

[package.metadata.requires-dev]
dev = [
    { name = "mypy", specifier = "==1.20.1" },
    { name = "types-pyyaml", specifier = "==6.0.12.20260408" },
    { name = "yamllint", specifier = "==1.38.0" },
    { name = "zizmor", specifier = "==1.25.2" },
]

[[package]]
name = "yamllint"
version = "1.38.0"
source = { registry = "https://pypi.org/simple" }
dependencies = [
    { name = "pathspec" },
    { name = "pyyaml" },
]
sdist = { url = "https://files.pythonhosted.org/packages/28/a0/8fc2d68e132cf918f18273fdc8a1b8432b60d75ac12fdae4b0ef5c9d2e8d/yamllint-1.38.0.tar.gz", hash = "sha256:09e5f29531daab93366bb061e76019d5e91691ef0a40328f04c927387d1d364d", size = 142446, upload-time = "2026-01-13T07:47:53.276Z" }
wheels = [
    { url = "https://files.pythonhosted.org/packages/05/92/aed08e68de6e6a3d7c2328ce7388072cd6affc26e2917197430b646aed02/yamllint-1.38.0-py3-none-any.whl", hash = "sha256:fc394a5b3be980a4062607b8fdddc0843f4fa394152b6da21722f5d59013c220", size = 68940, upload-time = "2026-01-13T07:47:51.343Z" },
]

[[package]]
name = "zizmor"
version = "1.25.2"
source = { registry = "https://pypi.org/simple" }
sdist = { url = "https://files.pythonhosted.org/packages/b3/41/8987d546e3101cc76748b2f1b0ccda58e244773ef5124d39e7e749e3d6e4/zizmor-1.25.2.tar.gz", hash = "sha256:f26ffeb16659c8922c7b08203ca5a4f8bf5e1a7e8d190734961c40877cf778ea", size = 517794, upload-time = "2026-05-16T06:28:43.816Z" }
wheels = [
    { url = "https://files.pythonhosted.org/packages/dc/bd/84108a92ccbfda0d28efc11f382997c7a767b58863bf4a550634b8cf0211/zizmor-1.25.2-py3-none-macosx_10_12_x86_64.whl", hash = "sha256:17cc8cfd9d472e8b11945a869c198d25cfdf4a33f36fa7a1f9674099f5fb509d", size = 9115548, upload-time = "2026-05-16T06:28:33.591Z" },
    { url = "https://files.pythonhosted.org/packages/c2/c0/66453a2553a66286a96ca32d75e3e6bcc94ce7f907cd5f8c2c3fce55315e/zizmor-1.25.2-py3-none-macosx_11_0_arm64.whl", hash = "sha256:d3e301eb4465e2da77857cf01ab4ef0184cf3818e826800b270ab01ae7338977", size = 8665071, upload-time = "2026-05-16T06:28:30.861Z" },
    { url = "https://files.pythonhosted.org/packages/52/3e/d60939d1cc4907c0d021a7c46362aab5e8045550bb09157d56c070e43568/zizmor-1.25.2-py3-none-manylinux_2_24_aarch64.whl", hash = "sha256:cf64374149b567c9373228b76c8e77a389b4071899f84b82c36ee50fab894e79", size = 8842884, upload-time = "2026-05-16T06:28:26.041Z" },
    { url = "https://files.pythonhosted.org/packages/46/82/f3e8d9b6d941194f2558591b449c106d46a16ea566b95eccff3a83bf6acc/zizmor-1.25.2-py3-none-manylinux_2_28_armv7l.whl", hash = "sha256:0beba1601be08bd00c9277e6ed4b026e125b26b379d86d6d98eb708409b3050d", size = 8449741, upload-time = "2026-05-16T06:28:45.424Z" },
    { url = "https://files.pythonhosted.org/packages/4b/13/445bc98acc2c976d6b8f8ca59b9c09f055adb5ffb3445d99af8ff7efcb4f/zizmor-1.25.2-py3-none-manylinux_2_28_x86_64.whl", hash = "sha256:c4246f1344d8dbeffc044d7bb11b131773a7db7eb57d9073c45942dfd3543a1f", size = 9285184, upload-time = "2026-05-16T06:28:39.21Z" },
    { url = "https://files.pythonhosted.org/packages/cf/78/fc7717c706bde7531b2fde12003994fbc04c47ab4f91aa6ca9b3b24b30fd/zizmor-1.25.2-py3-none-musllinux_1_2_aarch64.whl", hash = "sha256:dbb1b5c85b8de8eaa0227c6620f06c8e4fbd0a4da2086e218bc225c0bef0923d", size = 8886579, upload-time = "2026-05-16T06:28:51.384Z" },
    { url = "https://files.pythonhosted.org/packages/ca/bc/a46f11377cdc145c625d62d88c30fead56f9d29bc31652069a1a0eaed6c2/zizmor-1.25.2-py3-none-musllinux_1_2_armv7l.whl", hash = "sha256:d670a1e2f00b3cd56febd145bc1a0b2c4caf1cbe5dad8128721843fa877e2d2e", size = 8413576, upload-time = "2026-05-16T06:28:36.376Z" },
    { url = "https://files.pythonhosted.org/packages/2b/3b/0fd93b77171c8f229e8e1304eecc9931bf3009f722c57967d545d9f151b6/zizmor-1.25.2-py3-none-musllinux_1_2_x86_64.whl", hash = "sha256:b75c84d7387389f95edadbe859fb2aaf0a360c5b080932cc53e92ae1db6f09ef", size = 9378162, upload-time = "2026-05-16T06:28:41.999Z" },
    { url = "https://files.pythonhosted.org/packages/b5/3f/dcb85fb9a0d87794847f9043f9db9bb4d274cf4b8077604bc13850c8fdb4/zizmor-1.25.2-py3-none-win32.whl", hash = "sha256:aa9f4c43b499c55339c3ef2e885133c5017cd9a18d76d9335541203cfa5ae1e7", size = 7548509, upload-time = "2026-05-16T06:28:28.828Z" },
    { url = "https://files.pythonhosted.org/packages/d2/81/1cb088098bd53f9b910098b0c19d06dc587acf328a170ef8afd1cd93b482/zizmor-1.25.2-py3-none-win_amd64.whl", hash = "sha256:af55bd9bd119ea8cbce2a7addc3922503019de32c1fe31106d70b3dc77d77908", size = 8609822, upload-time = "2026-05-16T06:28:48.078Z" },
]
